
Microsoft Visual Studio Solution File, Format Version 12.00
# Visual Studio Version 17
VisualStudioVersion = 17.8.34309.116
MinimumVisualStudioVersion = 10.0.40219.1
Project("{FAE04EC0-301F-11D3-BF4B-00C04F79EFBC}") = "BSinWPF", "BSinWPF\BSinWPF.csproj", "{0F75FFB7-365D-4BC3-8B8D-A19B95B2C826}"
EndProject
Global
	GlobalSection(SolutionConfigurationPlatforms) = preSolution
		Debug|Any CPU = Debug|Any CPU
		Release|Any CPU = Release|Any CPU
	EndGlobalSection
	GlobalSection(ProjectConfigurationPlatforms) = postSolution
		{0F75FFB7-365D-4BC3-8B8D-A19B95B2C826}.Debug|Any CPU.ActiveCfg = Debug|Any CPU
		{0F75FFB7-365D-4BC3-8B8D-A19B95B2C826}.Debug|Any CPU.Build.0 = Debug|Any CPU
		{0F75FFB7-365D-4BC3-8B8D-A19B95B2C826}.Release|Any CPU.ActiveCfg = Release|Any CPU
		{0F75FFB7-365D-4BC3-8B8D-A19B95B2C826}.Release|Any CPU.Build.0 = Release|Any CPU
	EndGlobalSection
	GlobalSection(SolutionProperties) = preSolution
		HideSolutionNode = FALSE
	EndGlobalSection
	GlobalSection(ExtensibilityGlobals) = postSolution
		SolutionGuid = {D90C6525-DD3B-4763-B1C5-7BCF73C348E8}
	EndGlobalSection
EndGlobal
